// !$*UTF8*$!
{
	archiveVersion = 1;
	classes = {
	};
	objectVersion = 50;
	objects = {

/* Begin PBXBuildFile section */
		60C51F453886072504777D14 /* Pods_LojinhaUITests.framework in Frameworks */ = {isa = PBXBuildFile; fileRef = 54ADD64B2B79F341B5E4358F /* Pods_LojinhaUITests.framework */; };
		68BB6ED7D9789B484D31155A /* Pods_LojinhaTests.framework in Frameworks */ = {isa = PBXBuildFile; fileRef = 4191D4628E842DD2412A1207 /* Pods_LojinhaTests.framework */; };
		9DF680D7ABED91B4734B030C /* Pods_Lojinha.framework in Frameworks */ = {isa = PBXBuildFile; fileRef = 900CECF84289FF8D2C12807C /* Pods_Lojinha.framework */; };
		A0EAAB3D225A69B800D0E821 /* AppDelegate.swift in Sources */ = {isa = PBXBuildFile; fileRef = A0EAAB3C225A69B800D0E821 /* AppDelegate.swift */; };
		A0EAAB44225A69BA00D0E821 /* Assets.xcassets in Resources */ = {isa = PBXBuildFile; fileRef = A0EAAB43225A69BA00D0E821 /* Assets.xcassets */; };
		A0EAAB47225A69BA00D0E821 /* LaunchScreen.storyboard in Resources */ = {isa = PBXBuildFile; fileRef = A0EAAB45225A69BA00D0E821 /* LaunchScreen.storyboard */; };
		A0EAAB52225A69BA00D0E821 /* LojinhaTests.swift in Sources */ = {isa = PBXBuildFile; fileRef = A0EAAB51225A69BA00D0E821 /* LojinhaTests.swift */; };
		A0EAAB5D225A69BA00D0E821 /* LojinhaUITests.swift in Sources */ = {isa = PBXBuildFile; fileRef = A0EAAB5C225A69BA00D0E821 /* LojinhaUITests.swift */; };
		A0EAAB6F225A6C9B00D0E821 /* Home.storyboard in Resources */ = {isa = PBXBuildFile; fileRef = A0EAAB6E225A6C9B00D0E821 /* Home.storyboard */; };
		A0EAAB71225A6CB500D0E821 /* HomeViewController.swift in Sources */ = {isa = PBXBuildFile; fileRef = A0EAAB70225A6CB500D0E821 /* HomeViewController.swift */; };
		A0EAAB74225A761F00D0E821 /* UIImage+AssetName.swift in Sources */ = {isa = PBXBuildFile; fileRef = A0EAAB73225A761F00D0E821 /* UIImage+AssetName.swift */; };
		A0EAAB78225A855C00D0E821 /* Banner.storyboard in Resources */ = {isa = PBXBuildFile; fileRef = A0EAAB77225A855C00D0E821 /* Banner.storyboard */; };
		A0EAAB7B225A879F00D0E821 /* BannerViewController.swift in Sources */ = {isa = PBXBuildFile; fileRef = A0EAAB7A225A879F00D0E821 /* BannerViewController.swift */; };
		A0EAAB7E225A886100D0E821 /* BannerCollectionViewCell.xib in Resources */ = {isa = PBXBuildFile; fileRef = A0EAAB7D225A886100D0E821 /* BannerCollectionViewCell.xib */; };
		A0EAAB80225A88CC00D0E821 /* BannerCollectionViewCell.swift in Sources */ = {isa = PBXBuildFile; fileRef = A0EAAB7F225A88CC00D0E821 /* BannerCollectionViewCell.swift */; };
		A0EAAB82225A8BA500D0E821 /* BannerViewController+UICollectionViewDataSource.swift in Sources */ = {isa = PBXBuildFile; fileRef = A0EAAB81225A8BA500D0E821 /* BannerViewController+UICollectionViewDataSource.swift */; };
		A0EAAB84225A8BC900D0E821 /* BannerViewController+UICollectionViewDelegate.swift in Sources */ = {isa = PBXBuildFile; fileRef = A0EAAB83225A8BC900D0E821 /* BannerViewController+UICollectionViewDelegate.swift */; };
		A0EAAB86225A8F0600D0E821 /* UIView+Shadow.swift in Sources */ = {isa = PBXBuildFile; fileRef = A0EAAB85225A8F0600D0E821 /* UIView+Shadow.swift */; };
		A0EAAB8B225ABFA200D0E821 /* BannerService.swift in Sources */ = {isa = PBXBuildFile; fileRef = A0EAAB8A225ABFA200D0E821 /* BannerService.swift */; };
		A0EAAB8E225AC02600D0E821 /* BannerTargetType.swift in Sources */ = {isa = PBXBuildFile; fileRef = A0EAAB8D225AC02600D0E821 /* BannerTargetType.swift */; };
		A0EAAB91225AC32C00D0E821 /* Banner.swift in Sources */ = {isa = PBXBuildFile; fileRef = A0EAAB90225AC32C00D0E821 /* Banner.swift */; };
		A0EAAB93225AE11900D0E821 /* BannerPresenter.swift in Sources */ = {isa = PBXBuildFile; fileRef = A0EAAB92225AE11900D0E821 /* BannerPresenter.swift */; };
		A0EAAB96225B023300D0E821 /* BestSellers.storyboard in Resources */ = {isa = PBXBuildFile; fileRef = A0EAAB95225B023300D0E821 /* BestSellers.storyboard */; };
		A0EAAB98225B034700D0E821 /* BestSellersViewController.swift in Sources */ = {isa = PBXBuildFile; fileRef = A0EAAB97225B034700D0E821 /* BestSellersViewController.swift */; };
		A0EAAB9A225B03B300D0E821 /* BestSellersViewController+UITableViewDataSource.swift in Sources */ = {isa = PBXBuildFile; fileRef = A0EAAB99225B03B300D0E821 /* BestSellersViewController+UITableViewDataSource.swift */; };
		A0EAAB9C225B03D100D0E821 /* BestSellersViewController+UITableViewDelegate.swift in Sources */ = {isa = PBXBuildFile; fileRef = A0EAAB9B225B03D100D0E821 /* BestSellersViewController+UITableViewDelegate.swift */; };
		A0EAAB9F225B05EC00D0E821 /* BestSellersTableViewCell.xib in Resources */ = {isa = PBXBuildFile; fileRef = A0EAAB9E225B05EC00D0E821 /* BestSellersTableViewCell.xib */; };
		A0EAABA3225B0B4600D0E821 /* BestSellersTableViewCell.swift in Sources */ = {isa = PBXBuildFile; fileRef = A0EAABA2225B0B4600D0E821 /* BestSellersTableViewCell.swift */; };
		A0F6E8F7225B12BF006B006E /* Category.swift in Sources */ = {isa = PBXBuildFile; fileRef = A0F6E8F6225B12BF006B006E /* Category.swift */; };
		A0F6E8F9225B133E006B006E /* BestSellers.swift in Sources */ = {isa = PBXBuildFile; fileRef = A0F6E8F8225B133E006B006E /* BestSellers.swift */; };
		A0F6E8FB225B151E006B006E /* BestSellersTargetType.swift in Sources */ = {isa = PBXBuildFile; fileRef = A0F6E8FA225B151E006B006E /* BestSellersTargetType.swift */; };
		A0F6E8FD225B15C0006B006E /* BestSellersService.swift in Sources */ = {isa = PBXBuildFile; fileRef = A0F6E8FC225B15C0006B006E /* BestSellersService.swift */; };
		A0F6E8FF225B1682006B006E /* ServiceError.swift in Sources */ = {isa = PBXBuildFile; fileRef = A0F6E8FE225B1682006B006E /* ServiceError.swift */; };
		A0F6E901225B1C26006B006E /* BestSellersPresenter.swift in Sources */ = {isa = PBXBuildFile; fileRef = A0F6E900225B1C26006B006E /* BestSellersPresenter.swift */; };
		A0F6E903225B24BF006B006E /* Float+currencyValue.swift in Sources */ = {isa = PBXBuildFile; fileRef = A0F6E902225B24BF006B006E /* Float+currencyValue.swift */; };
		A0F6E905225B293E006B006E /* UILabel+lineThrough.swift in Sources */ = {isa = PBXBuildFile; fileRef = A0F6E904225B293E006B006E /* UILabel+lineThrough.swift */; };
/* End PBXBuildFile section */

/* Begin PBXContainerItemProxy section */
		A0EAAB4E225A69BA00D0E821 /* PBXContainerItemProxy */ = {
			isa = PBXContainerItemProxy;
			containerPortal = A0EAAB31225A69B800D0E821 /* Project object */;
			proxyType = 1;
			remoteGlobalIDString = A0EAAB38225A69B800D0E821;
			remoteInfo = Lojinha;
		};
		A0EAAB59225A69BA00D0E821 /* PBXContainerItemProxy */ = {
			isa = PBXContainerItemProxy;
			containerPortal = A0EAAB31225A69B800D0E821 /* Project object */;
			proxyType = 1;
			remoteGlobalIDString = A0EAAB38225A69B800D0E821;
			remoteInfo = Lojinha;
		};
/* End PBXContainerItemProxy section */

/* Begin PBXFileReference section */
		4191D4628E842DD2412A1207 /* Pods_LojinhaTests.framework */ = {isa = PBXFileReference; explicitFileType = wrapper.framework; includeInIndex = 0; path = Pods_LojinhaTests.framework; sourceTree = BUILT_PRODUCTS_DIR; };
		472F5813B8AEB8E282309902 /* Pods-LojinhaTests.release.xcconfig */ = {isa = PBXFileReference; includeInIndex = 1; lastKnownFileType = text.xcconfig; name = "Pods-LojinhaTests.release.xcconfig"; path = "Pods/Target Support Files/Pods-LojinhaTests/Pods-LojinhaTests.release.xcconfig"; sourceTree = "<group>"; };
		54ADD64B2B79F341B5E4358F /* Pods_LojinhaUITests.framework */ = {isa = PBXFileReference; explicitFileType = wrapper.framework; includeInIndex = 0; path = Pods_LojinhaUITests.framework; sourceTree = BUILT_PRODUCTS_DIR; };
		5C8A41082F490A512A7F75DA /* Pods-LojinhaUITests.debug.xcconfig */ = {isa = PBXFileReference; includeInIndex = 1; lastKnownFileType = text.xcconfig; name = "Pods-LojinhaUITests.debug.xcconfig"; path = "Pods/Target Support Files/Pods-LojinhaUITests/Pods-LojinhaUITests.debug.xcconfig"; sourceTree = "<group>"; };
		5CC17B816C6245115C3D9774 /* Pods-Lojinha.debug.xcconfig */ = {isa = PBXFileReference; includeInIndex = 1; lastKnownFileType = text.xcconfig; name = "Pods-Lojinha.debug.xcconfig"; path = "Pods/Target Support Files/Pods-Lojinha/Pods-Lojinha.debug.xcconfig"; sourceTree = "<group>"; };
		6626B9BE3B5B213E98DA4A07 /* Pods-LojinhaTests.debug.xcconfig */ = {isa = PBXFileReference; includeInIndex = 1; lastKnownFileType = text.xcconfig; name = "Pods-LojinhaTests.debug.xcconfig"; path = "Pods/Target Support Files/Pods-LojinhaTests/Pods-LojinhaTests.debug.xcconfig"; sourceTree = "<group>"; };
		84D0421B814F4DFBE85047A9 /* Pods-Lojinha.release.xcconfig */ = {isa = PBXFileReference; includeInIndex = 1; lastKnownFileType = text.xcconfig; name = "Pods-Lojinha.release.xcconfig"; path = "Pods/Target Support Files/Pods-Lojinha/Pods-Lojinha.release.xcconfig"; sourceTree = "<group>"; };
		900CECF84289FF8D2C12807C /* Pods_Lojinha.framework */ = {isa = PBXFileReference; explicitFileType = wrapper.framework; includeInIndex = 0; path = Pods_Lojinha.framework; sourceTree = BUILT_PRODUCTS_DIR; };
		A0EAAB39225A69B800D0E821 /* Lojinha.app */ = {isa = PBXFileReference; explicitFileType = wrapper.application; includeInIndex = 0; path = Lojinha.app; sourceTree = BUILT_PRODUCTS_DIR; };
		A0EAAB3C225A69B800D0E821 /* AppDelegate.swift */ = {isa = PBXFileReference; lastKnownFileType = sourcecode.swift; path = AppDelegate.swift; sourceTree = "<group>"; };
		A0EAAB43225A69BA00D0E821 /* Assets.xcassets */ = {isa = PBXFileReference; lastKnownFileType = folder.assetcatalog; path = Assets.xcassets; sourceTree = "<group>"; };
		A0EAAB46225A69BA00D0E821 /* Base */ = {isa = PBXFileReference; lastKnownFileType = file.storyboard; name = Base; path = Base.lproj/LaunchScreen.storyboard; sourceTree = "<group>"; };
		A0EAAB48225A69BA00D0E821 /* Info.plist */ = {isa = PBXFileReference; lastKnownFileType = text.plist.xml; path = Info.plist; sourceTree = "<group>"; };
		A0EAAB4D225A69BA00D0E821 /* LojinhaTests.xctest */ = {isa = PBXFileReference; explicitFileType = wrapper.cfbundle; includeInIndex = 0; path = LojinhaTests.xctest; sourceTree = BUILT_PRODUCTS_DIR; };
		A0EAAB51225A69BA00D0E821 /* LojinhaTests.swift */ = {isa = PBXFileReference; lastKnownFileType = sourcecode.swift; path = LojinhaTests.swift; sourceTree = "<group>"; };
		A0EAAB53225A69BA00D0E821 /* Info.plist */ = {isa = PBXFileReference; lastKnownFileType = text.plist.xml; path = Info.plist; sourceTree = "<group>"; };
		A0EAAB58225A69BA00D0E821 /* LojinhaUITests.xctest */ = {isa = PBXFileReference; explicitFileType = wrapper.cfbundle; includeInIndex = 0; path = LojinhaUITests.xctest; sourceTree = BUILT_PRODUCTS_DIR; };
		A0EAAB5C225A69BA00D0E821 /* LojinhaUITests.swift */ = {isa = PBXFileReference; lastKnownFileType = sourcecode.swift; path = LojinhaUITests.swift; sourceTree = "<group>"; };
		A0EAAB5E225A69BA00D0E821 /* Info.plist */ = {isa = PBXFileReference; lastKnownFileType = text.plist.xml; path = Info.plist; sourceTree = "<group>"; };
		A0EAAB6E225A6C9B00D0E821 /* Home.storyboard */ = {isa = PBXFileReference; lastKnownFileType = file.storyboard; path = Home.storyboard; sourceTree = "<group>"; };
		A0EAAB70225A6CB500D0E821 /* HomeViewController.swift */ = {isa = PBXFileReference; lastKnownFileType = sourcecode.swift; path = HomeViewController.swift; sourceTree = "<group>"; };
		A0EAAB73225A761F00D0E821 /* UIImage+AssetName.swift */ = {isa = PBXFileReference; lastKnownFileType = sourcecode.swift; path = "UIImage+AssetName.swift"; sourceTree = "<group>"; };
		A0EAAB77225A855C00D0E821 /* Banner.storyboard */ = {isa = PBXFileReference; lastKnownFileType = file.storyboard; path = Banner.storyboard; sourceTree = "<group>"; };
		A0EAAB7A225A879F00D0E821 /* BannerViewController.swift */ = {isa = PBXFileReference; lastKnownFileType = sourcecode.swift; path = BannerViewController.swift; sourceTree = "<group>"; };
		A0EAAB7D225A886100D0E821 /* BannerCollectionViewCell.xib */ = {isa = PBXFileReference; lastKnownFileType = file.xib; path = BannerCollectionViewCell.xib; sourceTree = "<group>"; };
		A0EAAB7F225A88CC00D0E821 /* BannerCollectionViewCell.swift */ = {isa = PBXFileReference; lastKnownFileType = sourcecode.swift; path = BannerCollectionViewCell.swift; sourceTree = "<group>"; };
		A0EAAB81225A8BA500D0E821 /* BannerViewController+UICollectionViewDataSource.swift */ = {isa = PBXFileReference; lastKnownFileType = sourcecode.swift; path = "BannerViewController+UICollectionViewDataSource.swift"; sourceTree = "<group>"; };
		A0EAAB83225A8BC900D0E821 /* BannerViewController+UICollectionViewDelegate.swift */ = {isa = PBXFileReference; lastKnownFileType = sourcecode.swift; path = "BannerViewController+UICollectionViewDelegate.swift"; sourceTree = "<group>"; };
		A0EAAB85225A8F0600D0E821 /* UIView+Shadow.swift */ = {isa = PBXFileReference; lastKnownFileType = sourcecode.swift; path = "UIView+Shadow.swift"; sourceTree = "<group>"; };
		A0EAAB8A225ABFA200D0E821 /* BannerService.swift */ = {isa = PBXFileReference; lastKnownFileType = sourcecode.swift; path = BannerService.swift; sourceTree = "<group>"; };
		A0EAAB8D225AC02600D0E821 /* BannerTargetType.swift */ = {isa = PBXFileReference; lastKnownFileType = sourcecode.swift; path = BannerTargetType.swift; sourceTree = "<group>"; };
		A0EAAB90225AC32C00D0E821 /* Banner.swift */ = {isa = PBXFileReference; lastKnownFileType = sourcecode.swift; path = Banner.swift; sourceTree = "<group>"; };
		A0EAAB92225AE11900D0E821 /* BannerPresenter.swift */ = {isa = PBXFileReference; lastKnownFileType = sourcecode.swift; path = BannerPresenter.swift; sourceTree = "<group>"; };
		A0EAAB95225B023300D0E821 /* BestSellers.storyboard */ = {isa = PBXFileReference; lastKnownFileType = file.storyboard; path = BestSellers.storyboard; sourceTree = "<group>"; };
		A0EAAB97225B034700D0E821 /* BestSellersViewController.swift */ = {isa = PBXFileReference; lastKnownFileType = sourcecode.swift; path = BestSellersViewController.swift; sourceTree = "<group>"; };
		A0EAAB99225B03B300D0E821 /* BestSellersViewController+UITableViewDataSource.swift */ = {isa = PBXFileReference; lastKnownFileType = sourcecode.swift; path = "BestSellersViewController+UITableViewDataSource.swift"; sourceTree = "<group>"; };
		A0EAAB9B225B03D100D0E821 /* BestSellersViewController+UITableViewDelegate.swift */ = {isa = PBXFileReference; lastKnownFileType = sourcecode.swift; path = "BestSellersViewController+UITableViewDelegate.swift"; sourceTree = "<group>"; };
		A0EAAB9E225B05EC00D0E821 /* BestSellersTableViewCell.xib */ = {isa = PBXFileReference; lastKnownFileType = file.xib; path = BestSellersTableViewCell.xib; sourceTree = "<group>"; };
		A0EAABA2225B0B4600D0E821 /* BestSellersTableViewCell.swift */ = {isa = PBXFileReference; lastKnownFileType = sourcecode.swift; path = BestSellersTableViewCell.swift; sourceTree = "<group>"; };
		A0F6E8F6225B12BF006B006E /* Category.swift */ = {isa = PBXFileReference; lastKnownFileType = sourcecode.swift; path = Category.swift; sourceTree = "<group>"; };
		A0F6E8F8225B133E006B006E /* BestSellers.swift */ = {isa = PBXFileReference; lastKnownFileType = sourcecode.swift; path = BestSellers.swift; sourceTree = "<group>"; };
		A0F6E8FA225B151E006B006E /* BestSellersTargetType.swift */ = {isa = PBXFileReference; lastKnownFileType = sourcecode.swift; path = BestSellersTargetType.swift; sourceTree = "<group>"; };
		A0F6E8FC225B15C0006B006E /* BestSellersService.swift */ = {isa = PBXFileReference; lastKnownFileType = sourcecode.swift; path = BestSellersService.swift; sourceTree = "<group>"; };
		A0F6E8FE225B1682006B006E /* ServiceError.swift */ = {isa = PBXFileReference; lastKnownFileType = sourcecode.swift; path = ServiceError.swift; sourceTree = "<group>"; };
		A0F6E900225B1C26006B006E /* BestSellersPresenter.swift */ = {isa = PBXFileReference; lastKnownFileType = sourcecode.swift; path = BestSellersPresenter.swift; sourceTree = "<group>"; };
		A0F6E902225B24BF006B006E /* Float+currencyValue.swift */ = {isa = PBXFileReference; lastKnownFileType = sourcecode.swift; path = "Float+currencyValue.swift"; sourceTree = "<group>"; };
		A0F6E904225B293E006B006E /* UILabel+lineThrough.swift */ = {isa = PBXFileReference; lastKnownFileType = sourcecode.swift; path = "UILabel+lineThrough.swift"; sourceTree = "<group>"; };
		BA89F92A879346A1F4737234 /* Pods-LojinhaUITests.release.xcconfig */ = {isa = PBXFileReference; includeInIndex = 1; lastKnownFileType = text.xcconfig; name = "Pods-LojinhaUITests.release.xcconfig"; path = "Pods/Target Support Files/Pods-LojinhaUITests/Pods-LojinhaUITests.release.xcconfig"; sourceTree = "<group>"; };
/* End PBXFileReference section */

/* Begin PBXFrameworksBuildPhase section */
		A0EAAB36225A69B800D0E821 /* Frameworks */ = {
			isa = PBXFrameworksBuildPhase;
			buildActionMask = 2147483647;
			files = (
				9DF680D7ABED91B4734B030C /* Pods_Lojinha.framework in Frameworks */,
			);
			runOnlyForDeploymentPostprocessing = 0;
		};
		A0EAAB4A225A69BA00D0E821 /* Frameworks */ = {
			isa = PBXFrameworksBuildPhase;
			buildActionMask = 2147483647;
			files = (
				68BB6ED7D9789B484D31155A /* Pods_LojinhaTests.framework in Frameworks */,
			);
			runOnlyForDeploymentPostprocessing = 0;
		};
		A0EAAB55225A69BA00D0E821 /* Frameworks */ = {
			isa = PBXFrameworksBuildPhase;
			buildActionMask = 2147483647;
			files = (
				60C51F453886072504777D14 /* Pods_LojinhaUITests.framework in Frameworks */,
			);
			runOnlyForDeploymentPostprocessing = 0;
		};
/* End PBXFrameworksBuildPhase section */

/* Begin PBXGroup section */
		3D97330B79B2A64B12B8D303 /* Frameworks */ = {
			isa = PBXGroup;
			children = (
				900CECF84289FF8D2C12807C /* Pods_Lojinha.framework */,
				4191D4628E842DD2412A1207 /* Pods_LojinhaTests.framework */,
				54ADD64B2B79F341B5E4358F /* Pods_LojinhaUITests.framework */,
			);
			name = Frameworks;
			sourceTree = "<group>";
		};
		A0EAAB30225A69B800D0E821 = {
			isa = PBXGroup;
			children = (
				A0EAAB3B225A69B800D0E821 /* Lojinha */,
				A0EAAB50225A69BA00D0E821 /* LojinhaTests */,
				A0EAAB5B225A69BA00D0E821 /* LojinhaUITests */,
				A0EAAB3A225A69B800D0E821 /* Products */,
				B73D4BBE9F45409B41F54203 /* Pods */,
				3D97330B79B2A64B12B8D303 /* Frameworks */,
			);
			sourceTree = "<group>";
		};
		A0EAAB3A225A69B800D0E821 /* Products */ = {
			isa = PBXGroup;
			children = (
				A0EAAB39225A69B800D0E821 /* Lojinha.app */,
				A0EAAB4D225A69BA00D0E821 /* LojinhaTests.xctest */,
				A0EAAB58225A69BA00D0E821 /* LojinhaUITests.xctest */,
			);
			name = Products;
			sourceTree = "<group>";
		};
		A0EAAB3B225A69B800D0E821 /* Lojinha */ = {
			isa = PBXGroup;
			children = (
				A0EAAB6B225A6AEF00D0E821 /* App */,
				A0EAAB6A225A69D600D0E821 /* Support Files */,
			);
			path = Lojinha;
			sourceTree = "<group>";
		};
		A0EAAB50225A69BA00D0E821 /* LojinhaTests */ = {
			isa = PBXGroup;
			children = (
				A0EAAB51225A69BA00D0E821 /* LojinhaTests.swift */,
				A0EAAB53225A69BA00D0E821 /* Info.plist */,
			);
			path = LojinhaTests;
			sourceTree = "<group>";
		};
		A0EAAB5B225A69BA00D0E821 /* LojinhaUITests */ = {
			isa = PBXGroup;
			children = (
				A0EAAB5C225A69BA00D0E821 /* LojinhaUITests.swift */,
				A0EAAB5E225A69BA00D0E821 /* Info.plist */,
			);
			path = LojinhaUITests;
			sourceTree = "<group>";
		};
		A0EAAB6A225A69D600D0E821 /* Support Files */ = {
			isa = PBXGroup;
			children = (
				A0EAAB43225A69BA00D0E821 /* Assets.xcassets */,
				A0EAAB48225A69BA00D0E821 /* Info.plist */,
				A0EAAB45225A69BA00D0E821 /* LaunchScreen.storyboard */,
			);
			path = "Support Files";
			sourceTree = "<group>";
		};
		A0EAAB6B225A6AEF00D0E821 /* App */ = {
			isa = PBXGroup;
			children = (
				A0EAAB8F225AC31600D0E821 /* Model */,
				A0EAAB87225AB81800D0E821 /* Service */,
				A0EAAB72225A73C200D0E821 /* Extensions */,
				A0EAAB6C225A6AFD00D0E821 /* Scene */,
				A0EAAB3C225A69B800D0E821 /* AppDelegate.swift */,
			);
			path = App;
			sourceTree = "<group>";
		};
		A0EAAB6C225A6AFD00D0E821 /* Scene */ = {
			isa = PBXGroup;
			children = (
				A0EAAB94225B021200D0E821 /* Best Sellers */,
				A0EAAB79225A877800D0E821 /* Banner */,
				A0EAAB6D225A6C3F00D0E821 /* Home */,
			);
			path = Scene;
			sourceTree = "<group>";
		};
		A0EAAB6D225A6C3F00D0E821 /* Home */ = {
			isa = PBXGroup;
			children = (
				A0EAAB6E225A6C9B00D0E821 /* Home.storyboard */,
				A0EAAB70225A6CB500D0E821 /* HomeViewController.swift */,
			);
			path = Home;
			sourceTree = "<group>";
		};
		A0EAAB72225A73C200D0E821 /* Extensions */ = {
			isa = PBXGroup;
			children = (
				A0EAAB73225A761F00D0E821 /* UIImage+AssetName.swift */,
				A0EAAB85225A8F0600D0E821 /* UIView+Shadow.swift */,
				A0F6E902225B24BF006B006E /* Float+currencyValue.swift */,
				A0F6E904225B293E006B006E /* UILabel+lineThrough.swift */,
			);
			path = Extensions;
			sourceTree = "<group>";
		};
		A0EAAB79225A877800D0E821 /* Banner */ = {
			isa = PBXGroup;
			children = (
				A0EAAB7C225A881C00D0E821 /* Banner Cell */,
				A0EAAB77225A855C00D0E821 /* Banner.storyboard */,
				A0EAAB92225AE11900D0E821 /* BannerPresenter.swift */,
				A0EAAB7A225A879F00D0E821 /* BannerViewController.swift */,
				A0EAAB81225A8BA500D0E821 /* BannerViewController+UICollectionViewDataSource.swift */,
				A0EAAB83225A8BC900D0E821 /* BannerViewController+UICollectionViewDelegate.swift */,
			);
			path = Banner;
			sourceTree = "<group>";
		};
		A0EAAB7C225A881C00D0E821 /* Banner Cell */ = {
			isa = PBXGroup;
			children = (
				A0EAAB7D225A886100D0E821 /* BannerCollectionViewCell.xib */,
				A0EAAB7F225A88CC00D0E821 /* BannerCollectionViewCell.swift */,
			);
			path = "Banner Cell";
			sourceTree = "<group>";
		};
		A0EAAB87225AB81800D0E821 /* Service */ = {
			isa = PBXGroup;
			children = (
				A0EAAB8C225ABFFE00D0E821 /* Target Types */,
				A0EAAB8A225ABFA200D0E821 /* BannerService.swift */,
				A0F6E8FC225B15C0006B006E /* BestSellersService.swift */,
				A0F6E8FE225B1682006B006E /* ServiceError.swift */,
			);
			path = Service;
			sourceTree = "<group>";
		};
		A0EAAB8C225ABFFE00D0E821 /* Target Types */ = {
			isa = PBXGroup;
			children = (
				A0EAAB8D225AC02600D0E821 /* BannerTargetType.swift */,
				A0F6E8FA225B151E006B006E /* BestSellersTargetType.swift */,
			);
			path = "Target Types";
			sourceTree = "<group>";
		};
		A0EAAB8F225AC31600D0E821 /* Model */ = {
			isa = PBXGroup;
			children = (
				A0EAAB90225AC32C00D0E821 /* Banner.swift */,
				A0F6E8F6225B12BF006B006E /* Category.swift */,
				A0F6E8F8225B133E006B006E /* BestSellers.swift */,
			);
			path = Model;
			sourceTree = "<group>";
		};
		A0EAAB94225B021200D0E821 /* Best Sellers */ = {
			isa = PBXGroup;
			children = (
				A0EAAB9D225B05B700D0E821 /* Best Sellers Cell */,
				A0EAAB95225B023300D0E821 /* BestSellers.storyboard */,
				A0F6E900225B1C26006B006E /* BestSellersPresenter.swift */,
				A0EAAB97225B034700D0E821 /* BestSellersViewController.swift */,
				A0EAAB99225B03B300D0E821 /* BestSellersViewController+UITableViewDataSource.swift */,
				A0EAAB9B225B03D100D0E821 /* BestSellersViewController+UITableViewDelegate.swift */,
			);
			path = "Best Sellers";
			sourceTree = "<group>";
		};
		A0EAAB9D225B05B700D0E821 /* Best Sellers Cell */ = {
			isa = PBXGroup;
			children = (
				A0EAAB9E225B05EC00D0E821 /* BestSellersTableViewCell.xib */,
				A0EAABA2225B0B4600D0E821 /* BestSellersTableViewCell.swift */,
			);
			path = "Best Sellers Cell";
			sourceTree = "<group>";
		};
		B73D4BBE9F45409B41F54203 /* Pods */ = {
			isa = PBXGroup;
			children = (
				5CC17B816C6245115C3D9774 /* Pods-Lojinha.debug.xcconfig */,
				84D0421B814F4DFBE85047A9 /* Pods-Lojinha.release.xcconfig */,
				6626B9BE3B5B213E98DA4A07 /* Pods-LojinhaTests.debug.xcconfig */,
				472F5813B8AEB8E282309902 /* Pods-LojinhaTests.release.xcconfig */,
				5C8A41082F490A512A7F75DA /* Pods-LojinhaUITests.debug.xcconfig */,
				BA89F92A879346A1F4737234 /* Pods-LojinhaUITests.release.xcconfig */,
			);
			name = Pods;
			sourceTree = "<group>";
		};
/* End PBXGroup section */

/* Begin PBXNativeTarget section */
		A0EAAB38225A69B800D0E821 /* Lojinha */ = {
			isa = PBXNativeTarget;
			buildConfigurationList = A0EAAB61225A69BA00D0E821 /* Build configuration list for PBXNativeTarget "Lojinha" */;
			buildPhases = (
				CC8E27CB475DF3B1B4D48506 /* [CP] Check Pods Manifest.lock */,
				A0EAAB35225A69B800D0E821 /* Sources */,
				A0EAAB36225A69B800D0E821 /* Frameworks */,
				A0EAAB37225A69B800D0E821 /* Resources */,
				B73212B536D2E5398000A371 /* [CP] Embed Pods Frameworks */,
			);
			buildRules = (
			);
			dependencies = (
			);
			name = Lojinha;
			productName = Lojinha;
			productReference = A0EAAB39225A69B800D0E821 /* Lojinha.app */;
			productType = "com.apple.product-type.application";
		};
		A0EAAB4C225A69BA00D0E821 /* LojinhaTests */ = {
			isa = PBXNativeTarget;
			buildConfigurationList = A0EAAB64225A69BA00D0E821 /* Build configuration list for PBXNativeTarget "LojinhaTests" */;
			buildPhases = (
				C1A425CE038AE8168DC83435 /* [CP] Check Pods Manifest.lock */,
				A0EAAB49225A69BA00D0E821 /* Sources */,
				A0EAAB4A225A69BA00D0E821 /* Frameworks */,
				A0EAAB4B225A69BA00D0E821 /* Resources */,
			);
			buildRules = (
			);
			dependencies = (
				A0EAAB4F225A69BA00D0E821 /* PBXTargetDependency */,
			);
			name = LojinhaTests;
			productName = LojinhaTests;
			productReference = A0EAAB4D225A69BA00D0E821 /* LojinhaTests.xctest */;
			productType = "com.apple.product-type.bundle.unit-test";
		};
		A0EAAB57225A69BA00D0E821 /* LojinhaUITests */ = {
			isa = PBXNativeTarget;
			buildConfigurationList = A0EAAB67225A69BA00D0E821 /* Build configuration list for PBXNativeTarget "LojinhaUITests" */;
			buildPhases = (
				B8763CB0382351632C269702 /* [CP] Check Pods Manifest.lock */,
				A0EAAB54225A69BA00D0E821 /* Sources */,
				A0EAAB55225A69BA00D0E821 /* Frameworks */,
				A0EAAB56225A69BA00D0E821 /* Resources */,
			);
			buildRules = (
			);
			dependencies = (
				A0EAAB5A225A69BA00D0E821 /* PBXTargetDependency */,
			);
			name = LojinhaUITests;
			productName = LojinhaUITests;
			productReference = A0EAAB58225A69BA00D0E821 /* LojinhaUITests.xctest */;
			productType = "com.apple.product-type.bundle.ui-testing";
		};
/* End PBXNativeTarget section */

/* Begin PBXProject section */
		A0EAAB31225A69B800D0E821 /* Project object */ = {
			isa = PBXProject;
			attributes = {
				LastSwiftUpdateCheck = 1010;
				LastUpgradeCheck = 1010;
				ORGANIZATIONNAME = andersonOliveira;
				TargetAttributes = {
					A0EAAB38225A69B800D0E821 = {
						CreatedOnToolsVersion = 10.1;
					};
					A0EAAB4C225A69BA00D0E821 = {
						CreatedOnToolsVersion = 10.1;
						TestTargetID = A0EAAB38225A69B800D0E821;
					};
					A0EAAB57225A69BA00D0E821 = {
						CreatedOnToolsVersion = 10.1;
						TestTargetID = A0EAAB38225A69B800D0E821;
					};
				};
			};
			buildConfigurationList = A0EAAB34225A69B800D0E821 /* Build configuration list for PBXProject "Lojinha" */;
			compatibilityVersion = "Xcode 9.3";
			developmentRegion = en;
			hasScannedForEncodings = 0;
			knownRegions = (
				en,
				Base,
			);
			mainGroup = A0EAAB30225A69B800D0E821;
			productRefGroup = A0EAAB3A225A69B800D0E821 /* Products */;
			projectDirPath = "";
			projectRoot = "";
			targets = (
				A0EAAB38225A69B800D0E821 /* Lojinha */,
				A0EAAB4C225A69BA00D0E821 /* LojinhaTests */,
				A0EAAB57225A69BA00D0E821 /* LojinhaUITests */,
			);
		};
/* End PBXProject section */

/* Begin PBXResourcesBuildPhase section */
		A0EAAB37225A69B800D0E821 /* Resources */ = {
			isa = PBXResourcesBuildPhase;
			buildActionMask = 2147483647;
			files = (
				A0EAAB6F225A6C9B00D0E821 /* Home.storyboard in Resources */,
				A0EAAB78225A855C00D0E821 /* Banner.storyboard in Resources */,
				A0EAAB47225A69BA00D0E821 /* LaunchScreen.storyboard in Resources */,
				A0EAAB44225A69BA00D0E821 /* Assets.xcassets in Resources */,
				A0EAAB9F225B05EC00D0E821 /* BestSellersTableViewCell.xib in Resources */,
				A0EAAB7E225A886100D0E821 /* BannerCollectionViewCell.xib in Resources */,
				A0EAAB96225B023300D0E821 /* BestSellers.storyboard in Resources */,
			);
			runOnlyForDeploymentPostprocessing = 0;
		};
		A0EAAB4B225A69BA00D0E821 /* Resources */ = {
			isa = PBXResourcesBuildPhase;
			buildActionMask = 2147483647;
			files = (
			);
			runOnlyForDeploymentPostprocessing = 0;
		};
		A0EAAB56225A69BA00D0E821 /* Resources */ = {
			isa = PBXResourcesBuildPhase;
			buildActionMask = 2147483647;
			files = (
			);
			runOnlyForDeploymentPostprocessing = 0;
		};
/* End PBXResourcesBuildPhase section */

/* Begin PBXShellScriptBuildPhase section */
		B73212B536D2E5398000A371 /* [CP] Embed Pods Frameworks */ = {
			isa = PBXShellScriptBuildPhase;
			buildActionMask = 2147483647;
			files = (
			);
			inputFileListPaths = (
			);
			inputPaths = (
				"${SRCROOT}/Pods/Target Support Files/Pods-Lojinha/Pods-Lojinha-frameworks.sh",
				"${BUILT_PRODUCTS_DIR}/Alamofire/Alamofire.framework",
				"${BUILT_PRODUCTS_DIR}/Kingfisher/Kingfisher.framework",
				"${BUILT_PRODUCTS_DIR}/Moya/Moya.framework",
				"${BUILT_PRODUCTS_DIR}/Result/Result.framework",
			);
			name = "[CP] Embed Pods Frameworks";
			outputFileListPaths = (
			);
			outputPaths = (
				"${TARGET_BUILD_DIR}/${FRAMEWORKS_FOLDER_PATH}/Alamofire.framework",
				"${TARGET_BUILD_DIR}/${FRAMEWORKS_FOLDER_PATH}/Kingfisher.framework",
				"${TARGET_BUILD_DIR}/${FRAMEWORKS_FOLDER_PATH}/Moya.framework",
				"${TARGET_BUILD_DIR}/${FRAMEWORKS_FOLDER_PATH}/Result.framework",
			);
			runOnlyForDeploymentPostprocessing = 0;
			shellPath = /bin/sh;
			shellScript = "\"${SRCROOT}/Pods/Target Support Files/Pods-Lojinha/Pods-Lojinha-frameworks.sh\"\n";
			showEnvVarsInLog = 0;
		};
		B8763CB0382351632C269702 /* [CP] Check Pods Manifest.lock */ = {
			isa = PBXShellScriptBuildPhase;
			buildActionMask = 2147483647;
			files = (
			);
			inputFileListPaths = (
			);
			inputPaths = (
				"${PODS_PODFILE_DIR_PATH}/Podfile.lock",
				"${PODS_ROOT}/Manifest.lock",
			);
			name = "[CP] Check Pods Manifest.lock";
			outputFileListPaths = (
			);
			outputPaths = (
				"$(DERIVED_FILE_DIR)/Pods-LojinhaUITests-checkManifestLockResult.txt",
			);
			runOnlyForDeploymentPostprocessing = 0;
			shellPath = /bin/sh;
			shellScript = "diff \"${PODS_PODFILE_DIR_PATH}/Podfile.lock\" \"${PODS_ROOT}/Manifest.lock\" > /dev/null\nif [ $? != 0 ] ; then\n    # print error to STDERR\n    echo \"error: The sandbox is not in sync with the Podfile.lock. Run 'pod install' or update your CocoaPods installation.\" >&2\n    exit 1\nfi\n# This output is used by Xcode 'outputs' to avoid re-running this script phase.\necho \"SUCCESS\" > \"${SCRIPT_OUTPUT_FILE_0}\"\n";
			showEnvVarsInLog = 0;
		};
		C1A425CE038AE8168DC83435 /* [CP] Check Pods Manifest.lock */ = {
			isa = PBXShellScriptBuildPhase;
			buildActionMask = 2147483647;
			files = (
			);
			inputFileListPaths = (
			);
			inputPaths = (
				"${PODS_PODFILE_DIR_PATH}/Podfile.lock",
				"${PODS_ROOT}/Manifest.lock",
			);
			name = "[CP] Check Pods Manifest.lock";
			outputFileListPaths = (
			);
			outputPaths = (
				"$(DERIVED_FILE_DIR)/Pods-LojinhaTests-checkManifestLockResult.txt",
			);
			runOnlyForDeploymentPostprocessing = 0;
			shellPath = /bin/sh;
			shellScript = "diff \"${PODS_PODFILE_DIR_PATH}/Podfile.lock\" \"${PODS_ROOT}/Manifest.lock\" > /dev/null\nif [ $? != 0 ] ; then\n    # print error to STDERR\n    echo \"error: The sandbox is not in sync with the Podfile.lock. Run 'pod install' or update your CocoaPods installation.\" >&2\n    exit 1\nfi\n# This output is used by Xcode 'outputs' to avoid re-running this script phase.\necho \"SUCCESS\" > \"${SCRIPT_OUTPUT_FILE_0}\"\n";
			showEnvVarsInLog = 0;
		};
		CC8E27CB475DF3B1B4D48506 /* [CP] Check Pods Manifest.lock */ = {
			isa = PBXShellScriptBuildPhase;
			buildActionMask = 2147483647;
			files = (
			);
			inputFileListPaths = (
			);
			inputPaths = (
				"${PODS_PODFILE_DIR_PATH}/Podfile.lock",
				"${PODS_ROOT}/Manifest.lock",
			);
			name = "[CP] Check Pods Manifest.lock";
			outputFileListPaths = (
			);
			outputPaths = (
				"$(DERIVED_FILE_DIR)/Pods-Lojinha-checkManifestLockResult.txt",
			);
			runOnlyForDeploymentPostprocessing = 0;
			shellPath = /bin/sh;
			shellScript = "diff \"${PODS_PODFILE_DIR_PATH}/Podfile.lock\" \"${PODS_ROOT}/Manifest.lock\" > /dev/null\nif [ $? != 0 ] ; then\n    # print error to STDERR\n    echo \"error: The sandbox is not in sync with the Podfile.lock. Run 'pod install' or update your CocoaPods installation.\" >&2\n    exit 1\nfi\n# This output is used by Xcode 'outputs' to avoid re-running this script phase.\necho \"SUCCESS\" > \"${SCRIPT_OUTPUT_FILE_0}\"\n";
			showEnvVarsInLog = 0;
		};
/* End PBXShellScriptBuildPhase section */

/* Begin PBXSourcesBuildPhase section */
		A0EAAB35225A69B800D0E821 /* Sources */ = {
			isa = PBXSourcesBuildPhase;
			buildActionMask = 2147483647;
			files = (
				A0F6E903225B24BF006B006E /* Float+currencyValue.swift in Sources */,
				A0EAAB9A225B03B300D0E821 /* BestSellersViewController+UITableViewDataSource.swift in Sources */,
				A0EAAB98225B034700D0E821 /* BestSellersViewController.swift in Sources */,
				A0EAAB8B225ABFA200D0E821 /* BannerService.swift in Sources */,
				A0F6E8FB225B151E006B006E /* BestSellersTargetType.swift in Sources */,
				A0F6E8FD225B15C0006B006E /* BestSellersService.swift in Sources */,
				A0F6E905225B293E006B006E /* UILabel+lineThrough.swift in Sources */,
				A0EAAB86225A8F0600D0E821 /* UIView+Shadow.swift in Sources */,
				A0EAABA3225B0B4600D0E821 /* BestSellersTableViewCell.swift in Sources */,
				A0F6E8F7225B12BF006B006E /* Category.swift in Sources */,
				A0EAAB82225A8BA500D0E821 /* BannerViewController+UICollectionViewDataSource.swift in Sources */,
				A0EAAB3D225A69B800D0E821 /* AppDelegate.swift in Sources */,
				A0EAAB91225AC32C00D0E821 /* Banner.swift in Sources */,
				A0EAAB8E225AC02600D0E821 /* BannerTargetType.swift in Sources */,
				A0F6E8FF225B1682006B006E /* ServiceError.swift in Sources */,
				A0EAAB9C225B03D100D0E821 /* BestSellersViewController+UITableViewDelegate.swift in Sources */,
				A0EAAB93225AE11900D0E821 /* BannerPresenter.swift in Sources */,
				A0F6E8F9225B133E006B006E /* BestSellers.swift in Sources */,
				A0EAAB74225A761F00D0E821 /* UIImage+AssetName.swift in Sources */,
				A0EAAB7B225A879F00D0E821 /* BannerViewController.swift in Sources */,
				A0EAAB80225A88CC00D0E821 /* BannerCollectionViewCell.swift in Sources */,
				A0F6E901225B1C26006B006E /* BestSellersPresenter.swift in Sources */,
				A0EAAB71225A6CB500D0E821 /* HomeViewController.swift in Sources */,
				A0EAAB84225A8BC900D0E821 /* BannerViewController+UICollectionViewDelegate.swift in Sources */,
			);
			runOnlyForDeploymentPostprocessing = 0;
		};
		A0EAAB49225A69BA00D0E821 /* Sources */ = {
			isa = PBXSourcesBuildPhase;
			buildActionMask = 2147483647;
			files = (
				A0EAAB52225A69BA00D0E821 /* LojinhaTests.swift in Sources */,
			);
			runOnlyForDeploymentPostprocessing = 0;
		};
		A0EAAB54225A69BA00D0E821 /* Sources */ = {
			isa = PBXSourcesBuildPhase;
			buildActionMask = 2147483647;
			files = (
				A0EAAB5D225A69BA00D0E821 /* LojinhaUITests.swift in Sources */,
			);
			runOnlyForDeploymentPostprocessing = 0;
		};
/* End PBXSourcesBuildPhase section */

/* Begin PBXTargetDependency section */
		A0EAAB4F225A69BA00D0E821 /* PBXTargetDependency */ = {
			isa = PBXTargetDependency;
			target = A0EAAB38225A69B800D0E821 /* Lojinha */;
			targetProxy = A0EAAB4E225A69BA00D0E821 /* PBXContainerItemProxy */;
		};
		A0EAAB5A225A69BA00D0E821 /* PBXTargetDependency */ = {
			isa = PBXTargetDependency;
			target = A0EAAB38225A69B800D0E821 /* Lojinha */;
			targetProxy = A0EAAB59225A69BA00D0E821 /* PBXContainerItemProxy */;
		};
/* End PBXTargetDependency section */

/* Begin PBXVariantGroup section */
		A0EAAB45225A69BA00D0E821 /* LaunchScreen.storyboard */ = {
			isa = PBXVariantGroup;
			children = (
				A0EAAB46225A69BA00D0E821 /* Base */,
			);
			name = LaunchScreen.storyboard;
			sourceTree = "<group>";
		};
/* End PBXVariantGroup section */

/* Begin XCBuildConfiguration section */
		A0EAAB5F225A69BA00D0E821 /* Debug */ = {
			isa = XCBuildConfiguration;
			buildSettings = {
				ALWAYS_SEARCH_USER_PATHS = NO;
				CLANG_ANALYZER_NONNULL = YES;
				CLANG_ANALYZER_NUMBER_OBJECT_CONVERSION = YES_AGGRESSIVE;
				CLANG_CXX_LANGUAGE_STANDARD = "gnu++14";
				CLANG_CXX_LIBRARY = "libc++";
				CLANG_ENABLE_MODULES = YES;
				CLANG_ENABLE_OBJC_ARC = YES;
				CLANG_ENABLE_OBJC_WEAK = YES;
				CLANG_WARN_BLOCK_CAPTURE_AUTORELEASING = YES;
				CLANG_WARN_BOOL_CONVERSION = YES;
				CLANG_WARN_COMMA = YES;
				CLANG_WARN_CONSTANT_CONVERSION = YES;
				CLANG_WARN_DEPRECATED_OBJC_IMPLEMENTATIONS = YES;
				CLANG_WARN_DIRECT_OBJC_ISA_USAGE = YES_ERROR;
				CLANG_WARN_DOCUMENTATION_COMMENTS = YES;
				CLANG_WARN_EMPTY_BODY = YES;
				CLANG_WARN_ENUM_CONVERSION = YES;
				CLANG_WARN_INFINITE_RECURSION = YES;
				CLANG_WARN_INT_CONVERSION = YES;
				CLANG_WARN_NON_LITERAL_NULL_CONVERSION = YES;
				CLANG_WARN_OBJC_IMPLICIT_RETAIN_SELF = YES;
				CLANG_WARN_OBJC_LITERAL_CONVERSION = YES;
				CLANG_WARN_OBJC_ROOT_CLASS = YES_ERROR;
				CLANG_WARN_RANGE_LOOP_ANALYSIS = YES;
				CLANG_WARN_STRICT_PROTOTYPES = YES;
				CLANG_WARN_SUSPICIOUS_MOVE = YES;
				CLANG_WARN_UNGUARDED_AVAILABILITY = YES_AGGRESSIVE;
				CLANG_WARN_UNREACHABLE_CODE = YES;
				CLANG_WARN__DUPLICATE_METHOD_MATCH = YES;
				CODE_SIGN_IDENTITY = "iPhone Developer";
				COPY_PHASE_STRIP = NO;
				DEBUG_INFORMATION_FORMAT = dwarf;
				ENABLE_STRICT_OBJC_MSGSEND = YES;
				ENABLE_TESTABILITY = YES;
				GCC_C_LANGUAGE_STANDARD = gnu11;
				GCC_DYNAMIC_NO_PIC = NO;
				GCC_NO_COMMON_BLOCKS = YES;
				GCC_OPTIMIZATION_LEVEL = 0;
				GCC_PREPROCESSOR_DEFINITIONS = (
					"DEBUG=1",
					"$(inherited)",
				);
				GCC_WARN_64_TO_32_BIT_CONVERSION = YES;
				GCC_WARN_ABOUT_RETURN_TYPE = YES_ERROR;
				GCC_WARN_UNDECLARED_SELECTOR = YES;
				GCC_WARN_UNINITIALIZED_AUTOS = YES_AGGRESSIVE;
				GCC_WARN_UNUSED_FUNCTION = YES;
				GCC_WARN_UNUSED_VARIABLE = YES;
				IPHONEOS_DEPLOYMENT_TARGET = 12.1;
				MTL_ENABLE_DEBUG_INFO = INCLUDE_SOURCE;
				MTL_FAST_MATH = YES;
				ONLY_ACTIVE_ARCH = YES;
				SDKROOT = iphoneos;
				SWIFT_ACTIVE_COMPILATION_CONDITIONS = DEBUG;
				SWIFT_OPTIMIZATION_LEVEL = "-Onone";
			};
			name = Debug;
		};
		A0EAAB60225A69BA00D0E821 /* Release */ = {
			isa = XCBuildConfiguration;
			buildSettings = {
				ALWAYS_SEARCH_USER_PATHS = NO;
				CLANG_ANALYZER_NONNULL = YES;
				CLANG_ANALYZER_NUMBER_OBJECT_CONVERSION = YES_AGGRESSIVE;
				CLANG_CXX_LANGUAGE_STANDARD = "gnu++14";
				CLANG_CXX_LIBRARY = "libc++";
				CLANG_ENABLE_MODULES = YES;
				CLANG_ENABLE_OBJC_ARC = YES;
				CLANG_ENABLE_OBJC_WEAK = YES;
				CLANG_WARN_BLOCK_CAPTURE_AUTORELEASING = YES;
				CLANG_WARN_BOOL_CONVERSION = YES;
				CLANG_WARN_COMMA = YES;
				CLANG_WARN_CONSTANT_CONVERSION = YES;
				CLANG_WARN_DEPRECATED_OBJC_IMPLEMENTATIONS = YES;
				CLANG_WARN_DIRECT_OBJC_ISA_USAGE = YES_ERROR;
				CLANG_WARN_DOCUMENTATION_COMMENTS = YES;
				CLANG_WARN_EMPTY_BODY = YES;
				CLANG_WARN_ENUM_CONVERSION = YES;
				CLANG_WARN_INFINITE_RECURSION = YES;
				CLANG_WARN_INT_CONVERSION = YES;
				CLANG_WARN_NON_LITERAL_NULL_CONVERSION = YES;
				CLANG_WARN_OBJC_IMPLICIT_RETAIN_SELF = YES;
				CLANG_WARN_OBJC_LITERAL_CONVERSION = YES;
				CLANG_WARN_OBJC_ROOT_CLASS = YES_ERROR;
				CLANG_WARN_RANGE_LOOP_ANALYSIS = YES;
				CLANG_WARN_STRICT_PROTOTYPES = YES;
				CLANG_WARN_SUSPICIOUS_MOVE = YES;
				CLANG_WARN_UNGUARDED_AVAILABILITY = YES_AGGRESSIVE;
				CLANG_WARN_UNREACHABLE_CODE = YES;
				CLANG_WARN__DUPLICATE_METHOD_MATCH = YES;
				CODE_SIGN_IDENTITY = "iPhone Developer";
				COPY_PHASE_STRIP = NO;
				DEBUG_INFORMATION_FORMAT = "dwarf-with-dsym";
				ENABLE_NS_ASSERTIONS = NO;
				ENABLE_STRICT_OBJC_MSGSEND = YES;
				GCC_C_LANGUAGE_STANDARD = gnu11;
				GCC_NO_COMMON_BLOCKS = YES;
				GCC_WARN_64_TO_32_BIT_CONVERSION = YES;
				GCC_WARN_ABOUT_RETURN_TYPE = YES_ERROR;
				GCC_WARN_UNDECLARED_SELECTOR = YES;
				GCC_WARN_UNINITIALIZED_AUTOS = YES_AGGRESSIVE;
				GCC_WARN_UNUSED_FUNCTION = YES;
				GCC_WARN_UNUSED_VARIABLE = YES;
				IPHONEOS_DEPLOYMENT_TARGET = 12.1;
				MTL_ENABLE_DEBUG_INFO = NO;
				MTL_FAST_MATH = YES;
				SDKROOT = iphoneos;
				SWIFT_COMPILATION_MODE = wholemodule;
				SWIFT_OPTIMIZATION_LEVEL = "-O";
				VALIDATE_PRODUCT = YES;
			};
			name = Release;
		};
		A0EAAB62225A69BA00D0E821 /* Debug */ = {
			isa = XCBuildConfiguration;
			baseConfigurationReference = 5CC17B816C6245115C3D9774 /* Pods-Lojinha.debug.xcconfig */;
			buildSettings = {
				ASSETCATALOG_COMPILER_APPICON_NAME = AppIcon;
				CODE_SIGN_STYLE = Automatic;
				DEVELOPMENT_TEAM = 2577FS5BXM;
				INFOPLIST_FILE = "$(SRCROOT)/Lojinha/Support Files/Info.plist";
				LD_RUNPATH_SEARCH_PATHS = (
					"$(inherited)",
					"@executable_path/Frameworks",
				);
				PRODUCT_BUNDLE_IDENTIFIER = br.com.andersonOliveira.lojinha;
				PRODUCT_NAME = "$(TARGET_NAME)";
				SWIFT_VERSION = 4.2;
				TARGETED_DEVICE_FAMILY = 1;
			};
			name = Debug;
		};
		A0EAAB63225A69BA00D0E821 /* Release */ = {
			isa = XCBuildConfiguration;
			baseConfigurationReference = 84D0421B814F4DFBE85047A9 /* Pods-Lojinha.release.xcconfig */;
			buildSettings = {
				ASSETCATALOG_COMPILER_APPICON_NAME = AppIcon;
				CODE_SIGN_STYLE = Automatic;
				DEVELOPMENT_TEAM = 2577FS5BXM;
				INFOPLIST_FILE = "$(SRCROOT)/Lojinha/Support Files/Info.plist";
				LD_RUNPATH_SEARCH_PATHS = (
					"$(inherited)",
					"@executable_path/Frameworks",
				);
				PRODUCT_BUNDLE_IDENTIFIER = br.com.andersonOliveira.lojinha;
				PRODUCT_NAME = "$(TARGET_NAME)";
				SWIFT_VERSION = 4.2;
				TARGETED_DEVICE_FAMILY = 1;
			};
			name = Release;
		};
		A0EAAB65225A69BA00D0E821 /* Debug */ = {
			isa = XCBuildConfiguration;
			baseConfigurationReference = 6626B9BE3B5B213E98DA4A07 /* Pods-LojinhaTests.debug.xcconfig */;
			buildSettings = {
				ALWAYS_EMBED_SWIFT_STANDARD_LIBRARIES = YES;
				BUNDLE_LOADER = "$(TEST_HOST)";
				CODE_SIGN_STYLE = Automatic;
				DEVELOPMENT_TEAM = 2577FS5BXM;
				INFOPLIST_FILE = LojinhaTests/Info.plist;
				LD_RUNPATH_SEARCH_PATHS = (
					"$(inherited)",
					"@executable_path/Frameworks",
					"@loader_path/Frameworks",
				);
				PRODUCT_BUNDLE_IDENTIFIER = br.com.andersonOliveira.LojinhaTests;
				PRODUCT_NAME = "$(TARGET_NAME)";
				SWIFT_VERSION = 4.2;
				TARGETED_DEVICE_FAMILY = "1,2";
				TEST_HOST = "$(BUILT_PRODUCTS_DIR)/Lojinha.app/Lojinha";
			};
			name = Debug;
		};
		A0EAAB66225A69BA00D0E821 /* Release */ = {
			isa = XCBuildConfiguration;
			baseConfigurationReference = 472F5813B8AEB8E282309902 /* Pods-LojinhaTests.release.xcconfig */;
			buildSettings = {
				ALWAYS_EMBED_SWIFT_STANDARD_LIBRARIES = YES;
				BUNDLE_LOADER = "$(TEST_HOST)";
				CODE_SIGN_STYLE = Automatic;
				DEVELOPMENT_TEAM = 2577FS5BXM;
				INFOPLIST_FILE = LojinhaTests/Info.plist;
				LD_RUNPATH_SEARCH_PATHS = (
					"$(inherited)",
					"@executable_path/Frameworks",
					"@loader_path/Frameworks",
				);
				PRODUCT_BUNDLE_IDENTIFIER = br.com.andersonOliveira.LojinhaTests;
				PRODUCT_NAME = "$(TARGET_NAME)";
				SWIFT_VERSION = 4.2;
				TARGETED_DEVICE_FAMILY = "1,2";
				TEST_HOST = "$(BUILT_PRODUCTS_DIR)/Lojinha.app/Lojinha";
			};
			name = Release;
		};
		A0EAAB68225A69BA00D0E821 /* Debug */ = {
			isa = XCBuildConfiguration;
			baseConfigurationReference = 5C8A41082F490A512A7F75DA /* Pods-LojinhaUITests.debug.xcconfig */;
			buildSettings = {
				ALWAYS_EMBED_SWIFT_STANDARD_LIBRARIES = YES;
				CODE_SIGN_STYLE = Automatic;
				DEVELOPMENT_TEAM = 2577FS5BXM;
				INFOPLIST_FILE = LojinhaUITests/Info.plist;
				LD_RUNPATH_SEARCH_PATHS = (
					"$(inherited)",
					"@executable_path/Frameworks",
					"@loader_path/Frameworks",
				);
				PRODUCT_BUNDLE_IDENTIFIER = br.com.andersonOliveira.LojinhaUITests;
				PRODUCT_NAME = "$(TARGET_NAME)";
				SWIFT_VERSION = 4.2;
				TARGETED_DEVICE_FAMILY = "1,2";
				TEST_TARGET_NAME = Lojinha;
			};
			name = Debug;
		};
		A0EAAB69225A69BA00D0E821 /* Release */ = {
			isa = XCBuildConfiguration;
			baseConfigurationReference = BA89F92A879346A1F4737234 /* Pods-LojinhaUITests.release.xcconfig */;
			buildSettings = {
				ALWAYS_EMBED_SWIFT_STANDARD_LIBRARIES = YES;
				CODE_SIGN_STYLE = Automatic;
				DEVELOPMENT_TEAM = 2577FS5BXM;
				INFOPLIST_FILE = LojinhaUITests/Info.plist;
				LD_RUNPATH_SEARCH_PATHS = (
					"$(inherited)",
					"@executable_path/Frameworks",
					"@loader_path/Frameworks",
				);
				PRODUCT_BUNDLE_IDENTIFIER = br.com.andersonOliveira.LojinhaUITests;
				PRODUCT_NAME = "$(TARGET_NAME)";
				SWIFT_VERSION = 4.2;
				TARGETED_DEVICE_FAMILY = "1,2";
				TEST_TARGET_NAME = Lojinha;
			};
			name = Release;
		};
/* End XCBuildConfiguration section */

/* Begin XCConfigurationList section */
		A0EAAB34225A69B800D0E821 /* Build configuration list for PBXProject "Lojinha" */ = {
			isa = XCConfigurationList;
			buildConfigurations = (
				A0EAAB5F225A69BA00D0E821 /* Debug */,
				A0EAAB60225A69BA00D0E821 /* Release */,
			);
			defaultConfigurationIsVisible = 0;
			defaultConfigurationName = Release;
		};
		A0EAAB61225A69BA00D0E821 /* Build configuration list for PBXNativeTarget "Lojinha" */ = {
			isa = XCConfigurationList;
			buildConfigurations = (
				A0EAAB62225A69BA00D0E821 /* Debug */,
				A0EAAB63225A69BA00D0E821 /* Release */,
			);
			defaultConfigurationIsVisible = 0;
			defaultConfigurationName = Release;
		};
		A0EAAB64225A69BA00D0E821 /* Build configuration list for PBXNativeTarget "LojinhaTests" */ = {
			isa = XCConfigurationList;
			buildConfigurations = (
				A0EAAB65225A69BA00D0E821 /* Debug */,
				A0EAAB66225A69BA00D0E821 /* Release */,
			);
			defaultConfigurationIsVisible = 0;
			defaultConfigurationName = Release;
		};
		A0EAAB67225A69BA00D0E821 /* Build configuration list for PBXNativeTarget "LojinhaUITests" */ = {
			isa = XCConfigurationList;
			buildConfigurations = (
				A0EAAB68225A69BA00D0E821 /* Debug */,
				A0EAAB69225A69BA00D0E821 /* Release */,
			);
			defaultConfigurationIsVisible = 0;
			defaultConfigurationName = Release;
		};
/* End XCConfigurationList section */
	};
	rootObject = A0EAAB31225A69B800D0E821 /* Project object */;
}
